
Microsoft Visual Studio Solution File, Format Version 12.00
# Visual Studio 2013
VisualStudioVersion = 12.0.31101.0
MinimumVisualStudioVersion = 10.0.40219.1
Project("{FAE04EC0-301F-11D3-BF4B-00C04F79EFBC}") = "Qoollo.PerformanceCounters", "Qoollo.PerformanceCounters\Qoollo.PerformanceCounters.csproj", "{B921E9E9-F32E-4959-A9F1-734F66DD4FE8}"
EndProject
Project("{FAE04EC0-301F-11D3-BF4B-00C04F79EFBC}") = "TestProject", "TestProject\TestProject.csproj", "{75D0DB50-E722-4FC6-A23D-4B1C6371707F}"
EndProject
Project("{FAE04EC0-301F-11D3-BF4B-00C04F79EFBC}") = "Qoollo.PerformanceCounters.AppConfigProject", "Qoollo.PerformanceCounters.AppConfigProject\Qoollo.PerformanceCounters.AppConfigProject.csproj", "{C0DAED19-9EB2-4B65-8540-C98D1A6C204D}"
EndProject
Project("{FAE04EC0-301F-11D3-BF4B-00C04F79EFBC}") = "Qoollo.PerformanceCounters.TestNetServer", "Qoollo.PerformanceCounters.TestNetServer\Qoollo.PerformanceCounters.TestNetServer.csproj", "{4EADA3F2-6943-4062-AB0B-0C5BD7352FD6}"
EndProject
Project("{2150E333-8FDC-42A3-9474-1A3956D46DE8}") = ".nuget", ".nuget", "{638B81A2-C646-42C2-98C3-A9FFC39F1E01}"
	ProjectSection(SolutionItems) = preProject
		.nuget\NuGet.Config = .nuget\NuGet.Config
		.nuget\NuGet.exe = .nuget\NuGet.exe
		.nuget\NuGet.targets = .nuget\NuGet.targets
	EndProjectSection
EndProject
Global
	GlobalSection(SolutionConfigurationPlatforms) = preSolution
		Debug|Any CPU = Debug|Any CPU
		Release|Any CPU = Release|Any CPU
	EndGlobalSection
	GlobalSection(ProjectConfigurationPlatforms) = postSolution
		{B921E9E9-F32E-4959-A9F1-734F66DD4FE8}.Debug|Any CPU.ActiveCfg = Debug|Any CPU
		{B921E9E9-F32E-4959-A9F1-734F66DD4FE8}.Debug|Any CPU.Build.0 = Debug|Any CPU
		{B921E9E9-F32E-4959-A9F1-734F66DD4FE8}.Release|Any CPU.ActiveCfg = Release|Any CPU
		{B921E9E9-F32E-4959-A9F1-734F66DD4FE8}.Release|Any CPU.Build.0 = Release|Any CPU
		{75D0DB50-E722-4FC6-A23D-4B1C6371707F}.Debug|Any CPU.ActiveCfg = Debug|Any CPU
		{75D0DB50-E722-4FC6-A23D-4B1C6371707F}.Debug|Any CPU.Build.0 = Debug|Any CPU
		{75D0DB50-E722-4FC6-A23D-4B1C6371707F}.Release|Any CPU.ActiveCfg = Release|Any CPU
		{75D0DB50-E722-4FC6-A23D-4B1C6371707F}.Release|Any CPU.Build.0 = Release|Any CPU
		{C0DAED19-9EB2-4B65-8540-C98D1A6C204D}.Debug|Any CPU.ActiveCfg = Debug|Any CPU
		{C0DAED19-9EB2-4B65-8540-C98D1A6C204D}.Debug|Any CPU.Build.0 = Debug|Any CPU
		{C0DAED19-9EB2-4B65-8540-C98D1A6C204D}.Release|Any CPU.ActiveCfg = Release|Any CPU
		{C0DAED19-9EB2-4B65-8540-C98D1A6C204D}.Release|Any CPU.Build.0 = Release|Any CPU
		{4EADA3F2-6943-4062-AB0B-0C5BD7352FD6}.Debug|Any CPU.ActiveCfg = Debug|Any CPU
		{4EADA3F2-6943-4062-AB0B-0C5BD7352FD6}.Debug|Any CPU.Build.0 = Debug|Any CPU
		{4EADA3F2-6943-4062-AB0B-0C5BD7352FD6}.Release|Any CPU.ActiveCfg = Release|Any CPU
		{4EADA3F2-6943-4062-AB0B-0C5BD7352FD6}.Release|Any CPU.Build.0 = Release|Any CPU
	EndGlobalSection
	GlobalSection(SolutionProperties) = preSolution
		HideSolutionNode = FALSE
	EndGlobalSection
EndGlobal
